{
  "name": "@writetome51/get-url-query",
  "version": "1.0.0",
  "lockfileVersion": 1,
  "requires": true,
  "dependencies": {
    "@writetome51/get-object-copy": {
      "version": "1.0.0",
      "resolved": "https://registry.npmjs.org/@writetome51/get-object-copy/-/get-object-copy-1.0.0.tgz",
      "integrity": "sha512-3ZsQBLe816tiQqw3Swn9SdHLSX6XTSJLFawAx0fyJArGs9gbBvw50lJQF5NeZO4mqg7sCMX8MwXd1N4N0ieTeQ==",
      "requires": {
        "@writetome51/modify-object": "^2.0.0"
      }
    },
    "@writetome51/modify-object": {
      "version": "2.0.0",
      "resolved": "https://registry.npmjs.org/@writetome51/modify-object/-/modify-object-2.0.0.tgz",
      "integrity": "sha512-94kCKnUMd9bsCqM3Dg1TjNYy5APU8zP35FgH7z4JQskYrzvueRpCsIA8iMjl0xNBaVZkBHOPmseRRp7QcrP09w=="
    }
  }
}
